
Microsoft Visual Studio Solution File, Format Version 12.00
# Visual Studio for Mac
Project("{FAE04EC0-301F-11D3-BF4B-00C04F79EFBC}") = "Assembly-CSharp", "Assembly-CSharp.csproj", "{8E5BD98A-DC01-7F50-71D9-03A3D5068D48}"
EndProject
Project("{FAE04EC0-301F-11D3-BF4B-00C04F79EFBC}") = "Assembly-CSharp-Editor", "Assembly-CSharp-Editor.csproj", "{C0BFB7CE-B0DE-1803-7DE2-EE624562C1CA}"
EndProject
Global
	GlobalSection(SolutionConfigurationPlatforms) = preSolution
		Debug|Any CPU = Debug|Any CPU
		Release|Any CPU = Release|Any CPU
	EndGlobalSection
	GlobalSection(ProjectConfigurationPlatforms) = postSolution
		{8E5BD98A-DC01-7F50-71D9-03A3D5068D48}.Debug|Any CPU.ActiveCfg = Debug|Any CPU
		{8E5BD98A-DC01-7F50-71D9-03A3D5068D48}.Debug|Any CPU.Build.0 = Debug|Any CPU
		{8E5BD98A-DC01-7F50-71D9-03A3D5068D48}.Release|Any CPU.ActiveCfg = Release|Any CPU
		{8E5BD98A-DC01-7F50-71D9-03A3D5068D48}.Release|Any CPU.Build.0 = Release|Any CPU
		{C0BFB7CE-B0DE-1803-7DE2-EE624562C1CA}.Debug|Any CPU.ActiveCfg = Debug|Any CPU
		{C0BFB7CE-B0DE-1803-7DE2-EE624562C1CA}.Debug|Any CPU.Build.0 = Debug|Any CPU
		{C0BFB7CE-B0DE-1803-7DE2-EE624562C1CA}.Release|Any CPU.ActiveCfg = Release|Any CPU
		{C0BFB7CE-B0DE-1803-7DE2-EE624562C1CA}.Release|Any CPU.Build.0 = Release|Any CPU
	EndGlobalSection
	GlobalSection(SolutionProperties) = preSolution
		HideSolutionNode = FALSE
	EndGlobalSection
EndGlobal
