
Microsoft Visual Studio Solution File, Format Version 12.00
# Visual Studio 15
Project("{FAE04EC0-301F-11D3-BF4B-00C04F79EFBC}") = "Assembly-CSharp", "Assembly-CSharp.csproj", "{37711574-F2C5-0BCB-60E6-530FBF146AB6}"
EndProject
Project("{FAE04EC0-301F-11D3-BF4B-00C04F79EFBC}") = "Assembly-CSharp-Editor", "Assembly-CSharp-Editor.csproj", "{3C769ADD-2DB6-F571-E022-B6BF75CDCAA6}"
EndProject
Global
	GlobalSection(SolutionConfigurationPlatforms) = preSolution
		Debug|Any CPU = Debug|Any CPU
		Release|Any CPU = Release|Any CPU
	EndGlobalSection
	GlobalSection(ProjectConfigurationPlatforms) = postSolution
		{37711574-F2C5-0BCB-60E6-530FBF146AB6}.Debug|Any CPU.ActiveCfg = Debug|Any CPU
		{37711574-F2C5-0BCB-60E6-530FBF146AB6}.Debug|Any CPU.Build.0 = Debug|Any CPU
		{37711574-F2C5-0BCB-60E6-530FBF146AB6}.Release|Any CPU.ActiveCfg = Release|Any CPU
		{37711574-F2C5-0BCB-60E6-530FBF146AB6}.Release|Any CPU.Build.0 = Release|Any CPU
		{3C769ADD-2DB6-F571-E022-B6BF75CDCAA6}.Debug|Any CPU.ActiveCfg = Debug|Any CPU
		{3C769ADD-2DB6-F571-E022-B6BF75CDCAA6}.Debug|Any CPU.Build.0 = Debug|Any CPU
		{3C769ADD-2DB6-F571-E022-B6BF75CDCAA6}.Release|Any CPU.ActiveCfg = Release|Any CPU
		{3C769ADD-2DB6-F571-E022-B6BF75CDCAA6}.Release|Any CPU.Build.0 = Release|Any CPU
	EndGlobalSection
	GlobalSection(SolutionProperties) = preSolution
		HideSolutionNode = FALSE
	EndGlobalSection
EndGlobal
